// !$*UTF8*$!
{
	archiveVersion = 1;
	classes = {
	};
	objectVersion = 46;
	objects = {

/* Begin PBXBuildFile section */
		7915851819DFFFFD0025C997 /* Request.swift in Sources */ = {isa = PBXBuildFile; fileRef = 7915851719DFFFFD0025C997 /* Request.swift */; };
		7915851D19E001310025C997 /* DribbbleRequest.swift in Sources */ = {isa = PBXBuildFile; fileRef = 7915851B19E001310025C997 /* DribbbleRequest.swift */; };
		7915851E19E001310025C997 /* ShotRequest.swift in Sources */ = {isa = PBXBuildFile; fileRef = 7915851C19E001310025C997 /* ShotRequest.swift */; };
		792829B319DEC0E100030222 /* AppDelegate.swift in Sources */ = {isa = PBXBuildFile; fileRef = 792829B219DEC0E100030222 /* AppDelegate.swift */; };
		792829B619DEC0E100030222 /* Example_Swift.xcdatamodeld in Sources */ = {isa = PBXBuildFile; fileRef = 792829B419DEC0E100030222 /* Example_Swift.xcdatamodeld */; };
		792829B819DEC0E100030222 /* ViewController.swift in Sources */ = {isa = PBXBuildFile; fileRef = 792829B719DEC0E100030222 /* ViewController.swift */; };
		792829BB19DEC0E100030222 /* Main.storyboard in Resources */ = {isa = PBXBuildFile; fileRef = 792829B919DEC0E100030222 /* Main.storyboard */; };
		792829BD19DEC0E100030222 /* Images.xcassets in Resources */ = {isa = PBXBuildFile; fileRef = 792829BC19DEC0E100030222 /* Images.xcassets */; };
		792829C019DEC0E100030222 /* LaunchScreen.xib in Resources */ = {isa = PBXBuildFile; fileRef = 792829BE19DEC0E100030222 /* LaunchScreen.xib */; };
		79D45E3119DEC32E0046095F /* Radical.framework in Frameworks */ = {isa = PBXBuildFile; fileRef = 79D45E2019DEC3120046095F /* Radical.framework */; };
		79D45E3219DEC32E0046095F /* Radical.framework in Embed Frameworks */ = {isa = PBXBuildFile; fileRef = 79D45E2019DEC3120046095F /* Radical.framework */; settings = {ATTRIBUTES = (CodeSignOnCopy, RemoveHeadersOnCopy, ); }; };
/* End PBXBuildFile section */

/* Begin PBXContainerItemProxy section */
		79D45E1F19DEC3120046095F /* PBXContainerItemProxy */ = {
			isa = PBXContainerItemProxy;
			containerPortal = 79D45E1A19DEC3110046095F /* Radical.xcodeproj */;
			proxyType = 2;
			remoteGlobalIDString = 7928298B19DEBAFF00030222;
			remoteInfo = Radical;
		};
		79D45E2119DEC3120046095F /* PBXContainerItemProxy */ = {
			isa = PBXContainerItemProxy;
			containerPortal = 79D45E1A19DEC3110046095F /* Radical.xcodeproj */;
			proxyType = 2;
			remoteGlobalIDString = 7928299619DEBAFF00030222;
			remoteInfo = RadicalTests;
		};
		79D45E3319DEC32E0046095F /* PBXContainerItemProxy */ = {
			isa = PBXContainerItemProxy;
			containerPortal = 79D45E1A19DEC3110046095F /* Radical.xcodeproj */;
			proxyType = 1;
			remoteGlobalIDString = 7928298A19DEBAFF00030222;
			remoteInfo = Radical;
		};
/* End PBXContainerItemProxy section */

/* Begin PBXCopyFilesBuildPhase section */
		79D45E3519DEC32E0046095F /* Embed Frameworks */ = {
			isa = PBXCopyFilesBuildPhase;
			buildActionMask = 2147483647;
			dstPath = "";
			dstSubfolderSpec = 10;
			files = (
				79D45E3219DEC32E0046095F /* Radical.framework in Embed Frameworks */,
			);
			name = "Embed Frameworks";
			runOnlyForDeploymentPostprocessing = 0;
		};
/* End PBXCopyFilesBuildPhase section */

/* Begin PBXFileReference section */
		7915851719DFFFFD0025C997 /* Request.swift */ = {isa = PBXFileReference; fileEncoding = 4; lastKnownFileType = sourcecode.swift; path = Request.swift; sourceTree = "<group>"; };
		7915851B19E001310025C997 /* DribbbleRequest.swift */ = {isa = PBXFileReference; fileEncoding = 4; lastKnownFileType = sourcecode.swift; path = DribbbleRequest.swift; sourceTree = "<group>"; };
		7915851C19E001310025C997 /* ShotRequest.swift */ = {isa = PBXFileReference; fileEncoding = 4; lastKnownFileType = sourcecode.swift; path = ShotRequest.swift; sourceTree = "<group>"; };
		792829AD19DEC0E100030222 /* Example-Swift.app */ = {isa = PBXFileReference; explicitFileType = wrapper.application; includeInIndex = 0; path = "Example-Swift.app"; sourceTree = BUILT_PRODUCTS_DIR; };
		792829B119DEC0E100030222 /* Info.plist */ = {isa = PBXFileReference; lastKnownFileType = text.plist.xml; path = Info.plist; sourceTree = "<group>"; };
		792829B219DEC0E100030222 /* AppDelegate.swift */ = {isa = PBXFileReference; lastKnownFileType = sourcecode.swift; path = AppDelegate.swift; sourceTree = "<group>"; };
		792829B519DEC0E100030222 /* Example_Swift.xcdatamodel */ = {isa = PBXFileReference; lastKnownFileType = wrapper.xcdatamodel; path = Example_Swift.xcdatamodel; sourceTree = "<group>"; };
		792829B719DEC0E100030222 /* ViewController.swift */ = {isa = PBXFileReference; lastKnownFileType = sourcecode.swift; path = ViewController.swift; sourceTree = "<group>"; };
		792829BA19DEC0E100030222 /* Base */ = {isa = PBXFileReference; lastKnownFileType = file.storyboard; name = Base; path = Base.lproj/Main.storyboard; sourceTree = "<group>"; };
		792829BC19DEC0E100030222 /* Images.xcassets */ = {isa = PBXFileReference; lastKnownFileType = folder.assetcatalog; path = Images.xcassets; sourceTree = "<group>"; };
		792829BF19DEC0E100030222 /* Base */ = {isa = PBXFileReference; lastKnownFileType = file.xib; name = Base; path = Base.lproj/LaunchScreen.xib; sourceTree = "<group>"; };
		79D45E1A19DEC3110046095F /* Radical.xcodeproj */ = {isa = PBXFileReference; lastKnownFileType = "wrapper.pb-project"; name = Radical.xcodeproj; path = ../../Radical.xcodeproj; sourceTree = "<group>"; };
/* End PBXFileReference section */

/* Begin PBXFrameworksBuildPhase section */
		792829AA19DEC0E100030222 /* Frameworks */ = {
			isa = PBXFrameworksBuildPhase;
			buildActionMask = 2147483647;
			files = (
				79D45E3119DEC32E0046095F /* Radical.framework in Frameworks */,
			);
			runOnlyForDeploymentPostprocessing = 0;
		};
/* End PBXFrameworksBuildPhase section */

/* Begin PBXGroup section */
		7915850319DFF9C90025C997 /* Radicalization */ = {
			isa = PBXGroup;
			children = (
				7915851719DFFFFD0025C997 /* Request.swift */,
			);
			path = Radicalization;
			sourceTree = "<group>";
		};
		7915851919E001310025C997 /* Requests */ = {
			isa = PBXGroup;
			children = (
				7915851A19E001310025C997 /* Dribbble */,
			);
			path = Requests;
			sourceTree = "<group>";
		};
		7915851A19E001310025C997 /* Dribbble */ = {
			isa = PBXGroup;
			children = (
				7915851B19E001310025C997 /* DribbbleRequest.swift */,
				7915851C19E001310025C997 /* ShotRequest.swift */,
			);
			path = Dribbble;
			sourceTree = "<group>";
		};
		792829A419DEC0E100030222 = {
			isa = PBXGroup;
			children = (
				792829AF19DEC0E100030222 /* Example-Swift */,
				79D45E0619DEC2650046095F /* Frameworks */,
				792829AE19DEC0E100030222 /* Products */,
			);
			sourceTree = "<group>";
		};
		792829AE19DEC0E100030222 /* Products */ = {
			isa = PBXGroup;
			children = (
				792829AD19DEC0E100030222 /* Example-Swift.app */,
			);
			name = Products;
			sourceTree = "<group>";
		};
		792829AF19DEC0E100030222 /* Example-Swift */ = {
			isa = PBXGroup;
			children = (
				7915850319DFF9C90025C997 /* Radicalization */,
				7915851919E001310025C997 /* Requests */,
				792829B219DEC0E100030222 /* AppDelegate.swift */,
				792829B719DEC0E100030222 /* ViewController.swift */,
				792829B919DEC0E100030222 /* Main.storyboard */,
				792829BC19DEC0E100030222 /* Images.xcassets */,
				792829BE19DEC0E100030222 /* LaunchScreen.xib */,
				792829B419DEC0E100030222 /* Example_Swift.xcdatamodeld */,
				792829B019DEC0E100030222 /* Supporting Files */,
			);
			path = "Example-Swift";
			sourceTree = "<group>";
		};
		792829B019DEC0E100030222 /* Supporting Files */ = {
			isa = PBXGroup;
			children = (
				792829B119DEC0E100030222 /* Info.plist */,
			);
			name = "Supporting Files";
			sourceTree = "<group>";
		};
		79D45E0619DEC2650046095F /* Frameworks */ = {
			isa = PBXGroup;
			children = (
				79D45E1A19DEC3110046095F /* Radical.xcodeproj */,
			);
			name = Frameworks;
			sourceTree = "<group>";
		};
		79D45E1B19DEC3110046095F /* Products */ = {
			isa = PBXGroup;
			children = (
				79D45E2019DEC3120046095F /* Radical.framework */,
				79D45E2219DEC3120046095F /* RadicalTests.xctest */,
			);
			name = Products;
			sourceTree = "<group>";
		};
/* End PBXGroup section */

/* Begin PBXNativeTarget section */
		792829AC19DEC0E100030222 /* Example-Swift */ = {
			isa = PBXNativeTarget;
			buildConfigurationList = 792829CF19DEC0E100030222 /* Build configuration list for PBXNativeTarget "Example-Swift" */;
			buildPhases = (
				792829A919DEC0E100030222 /* Sources */,
				792829AA19DEC0E100030222 /* Frameworks */,
				792829AB19DEC0E100030222 /* Resources */,
				79D45E3519DEC32E0046095F /* Embed Frameworks */,
			);
			buildRules = (
			);
			dependencies = (
				79D45E3419DEC32E0046095F /* PBXTargetDependency */,
			);
			name = "Example-Swift";
			productName = "Example-Swift";
			productReference = 792829AD19DEC0E100030222 /* Example-Swift.app */;
			productType = "com.apple.product-type.application";
		};
/* End PBXNativeTarget section */

/* Begin PBXProject section */
		792829A519DEC0E100030222 /* Project object */ = {
			isa = PBXProject;
			attributes = {
				LastUpgradeCheck = 0600;
				ORGANIZATIONNAME = "Shintaro Kaneko (http://kaneshinth.com)";
				TargetAttributes = {
					792829AC19DEC0E100030222 = {
						CreatedOnToolsVersion = 6.0.1;
					};
				};
			};
			buildConfigurationList = 792829A819DEC0E100030222 /* Build configuration list for PBXProject "Example-Swift" */;
			compatibilityVersion = "Xcode 3.2";
			developmentRegion = English;
			hasScannedForEncodings = 0;
			knownRegions = (
				en,
				Base,
			);
			mainGroup = 792829A419DEC0E100030222;
			productRefGroup = 792829AE19DEC0E100030222 /* Products */;
			projectDirPath = "";
			projectReferences = (
				{
					ProductGroup = 79D45E1B19DEC3110046095F /* Products */;
					ProjectRef = 79D45E1A19DEC3110046095F /* Radical.xcodeproj */;
				},
			);
			projectRoot = "";
			targets = (
				792829AC19DEC0E100030222 /* Example-Swift */,
			);
		};
/* End PBXProject section */

/* Begin PBXReferenceProxy section */
		79D45E2019DEC3120046095F /* Radical.framework */ = {
			isa = PBXReferenceProxy;
			fileType = wrapper.framework;
			path = Radical.framework;
			remoteRef = 79D45E1F19DEC3120046095F /* PBXContainerItemProxy */;
			sourceTree = BUILT_PRODUCTS_DIR;
		};
		79D45E2219DEC3120046095F /* RadicalTests.xctest */ = {
			isa = PBXReferenceProxy;
			fileType = wrapper.cfbundle;
			path = RadicalTests.xctest;
			remoteRef = 79D45E2119DEC3120046095F /* PBXContainerItemProxy */;
			sourceTree = BUILT_PRODUCTS_DIR;
		};
/* End PBXReferenceProxy section */

/* Begin PBXResourcesBuildPhase section */
		792829AB19DEC0E100030222 /* Resources */ = {
			isa = PBXResourcesBuildPhase;
			buildActionMask = 2147483647;
			files = (
				792829BB19DEC0E100030222 /* Main.storyboard in Resources */,
				792829C019DEC0E100030222 /* LaunchScreen.xib in Resources */,
				792829BD19DEC0E100030222 /* Images.xcassets in Resources */,
			);
			runOnlyForDeploymentPostprocessing = 0;
		};
/* End PBXResourcesBuildPhase section */

/* Begin PBXSourcesBuildPhase section */
		792829A919DEC0E100030222 /* Sources */ = {
			isa = PBXSourcesBuildPhase;
			buildActionMask = 2147483647;
			files = (
				7915851819DFFFFD0025C997 /* Request.swift in Sources */,
				792829B819DEC0E100030222 /* ViewController.swift in Sources */,
				792829B619DEC0E100030222 /* Example_Swift.xcdatamodeld in Sources */,
				7915851E19E001310025C997 /* ShotRequest.swift in Sources */,
				792829B319DEC0E100030222 /* AppDelegate.swift in Sources */,
				7915851D19E001310025C997 /* DribbbleRequest.swift in Sources */,
			);
			runOnlyForDeploymentPostprocessing = 0;
		};
/* End PBXSourcesBuildPhase section */

/* Begin PBXTargetDependency section */
		79D45E3419DEC32E0046095F /* PBXTargetDependency */ = {
			isa = PBXTargetDependency;
			name = Radical;
			targetProxy = 79D45E3319DEC32E0046095F /* PBXContainerItemProxy */;
		};
/* End PBXTargetDependency section */

/* Begin PBXVariantGroup section */
		792829B919DEC0E100030222 /* Main.storyboard */ = {
			isa = PBXVariantGroup;
			children = (
				792829BA19DEC0E100030222 /* Base */,
			);
			name = Main.storyboard;
			sourceTree = "<group>";
		};
		792829BE19DEC0E100030222 /* LaunchScreen.xib */ = {
			isa = PBXVariantGroup;
			children = (
				792829BF19DEC0E100030222 /* Base */,
			);
			name = LaunchScreen.xib;
			sourceTree = "<group>";
		};
/* End PBXVariantGroup section */

/* Begin XCBuildConfiguration section */
		792829CD19DEC0E100030222 /* Debug */ = {
			isa = XCBuildConfiguration;
			buildSettings = {
				ALWAYS_SEARCH_USER_PATHS = NO;
				CLANG_CXX_LANGUAGE_STANDARD = "gnu++0x";
				CLANG_CXX_LIBRARY = "libc++";
				CLANG_ENABLE_MODULES = YES;
				CLANG_ENABLE_OBJC_ARC = YES;
				CLANG_WARN_BOOL_CONVERSION = YES;
				CLANG_WARN_CONSTANT_CONVERSION = YES;
				CLANG_WARN_DIRECT_OBJC_ISA_USAGE = YES_ERROR;
				CLANG_WARN_EMPTY_BODY = YES;
				CLANG_WARN_ENUM_CONVERSION = YES;
				CLANG_WARN_INT_CONVERSION = YES;
				CLANG_WARN_OBJC_ROOT_CLASS = YES_ERROR;
				CLANG_WARN_UNREACHABLE_CODE = YES;
				CLANG_WARN__DUPLICATE_METHOD_MATCH = YES;
				"CODE_SIGN_IDENTITY[sdk=iphoneos*]" = "iPhone Developer";
				COPY_PHASE_STRIP = NO;
				ENABLE_STRICT_OBJC_MSGSEND = YES;
				GCC_C_LANGUAGE_STANDARD = gnu99;
				GCC_DYNAMIC_NO_PIC = NO;
				GCC_OPTIMIZATION_LEVEL = 0;
				GCC_PREPROCESSOR_DEFINITIONS = (
					"DEBUG=1",
					"$(inherited)",
				);
				GCC_SYMBOLS_PRIVATE_EXTERN = NO;
				GCC_WARN_64_TO_32_BIT_CONVERSION = YES;
				GCC_WARN_ABOUT_RETURN_TYPE = YES_ERROR;
				GCC_WARN_UNDECLARED_SELECTOR = YES;
				GCC_WARN_UNINITIALIZED_AUTOS = YES_AGGRESSIVE;
				GCC_WARN_UNUSED_FUNCTION = YES;
				GCC_WARN_UNUSED_VARIABLE = YES;
				IPHONEOS_DEPLOYMENT_TARGET = 7.0;
				MTL_ENABLE_DEBUG_INFO = YES;
				ONLY_ACTIVE_ARCH = YES;
				SDKROOT = iphoneos;
				SWIFT_OPTIMIZATION_LEVEL = "-Onone";
			};
			name = Debug;
		};
		792829CE19DEC0E100030222 /* Release */ = {
			isa = XCBuildConfiguration;
			buildSettings = {
				ALWAYS_SEARCH_USER_PATHS = NO;
				CLANG_CXX_LANGUAGE_STANDARD = "gnu++0x";
				CLANG_CXX_LIBRARY = "libc++";
				CLANG_ENABLE_MODULES = YES;
				CLANG_ENABLE_OBJC_ARC = YES;
				CLANG_WARN_BOOL_CONVERSION = YES;
				CLANG_WARN_CONSTANT_CONVERSION = YES;
				CLANG_WARN_DIRECT_OBJC_ISA_USAGE = YES_ERROR;
				CLANG_WARN_EMPTY_BODY = YES;
				CLANG_WARN_ENUM_CONVERSION = YES;
				CLANG_WARN_INT_CONVERSION = YES;
				CLANG_WARN_OBJC_ROOT_CLASS = YES_ERROR;
				CLANG_WARN_UNREACHABLE_CODE = YES;
				CLANG_WARN__DUPLICATE_METHOD_MATCH = YES;
				"CODE_SIGN_IDENTITY[sdk=iphoneos*]" = "iPhone Developer";
				COPY_PHASE_STRIP = YES;
				ENABLE_NS_ASSERTIONS = NO;
				ENABLE_STRICT_OBJC_MSGSEND = YES;
				GCC_C_LANGUAGE_STANDARD = gnu99;
				GCC_WARN_64_TO_32_BIT_CONVERSION = YES;
				GCC_WARN_ABOUT_RETURN_TYPE = YES_ERROR;
				GCC_WARN_UNDECLARED_SELECTOR = YES;
				GCC_WARN_UNINITIALIZED_AUTOS = YES_AGGRESSIVE;
				GCC_WARN_UNUSED_FUNCTION = YES;
				GCC_WARN_UNUSED_VARIABLE = YES;
				IPHONEOS_DEPLOYMENT_TARGET = 7.0;
				MTL_ENABLE_DEBUG_INFO = NO;
				SDKROOT = iphoneos;
				VALIDATE_PRODUCT = YES;
			};
			name = Release;
		};
		792829D019DEC0E100030222 /* Debug */ = {
			isa = XCBuildConfiguration;
			buildSettings = {
				ASSETCATALOG_COMPILER_APPICON_NAME = AppIcon;
				EMBEDDED_CONTENT_CONTAINS_SWIFT = YES;
				INFOPLIST_FILE = "Example-Swift/Info.plist";
				LD_RUNPATH_SEARCH_PATHS = "$(inherited) @executable_path/Frameworks";
				PRODUCT_NAME = "$(TARGET_NAME)";
			};
			name = Debug;
		};
		792829D119DEC0E100030222 /* Release */ = {
			isa = XCBuildConfiguration;
			buildSettings = {
				ASSETCATALOG_COMPILER_APPICON_NAME = AppIcon;
				EMBEDDED_CONTENT_CONTAINS_SWIFT = YES;
				INFOPLIST_FILE = "Example-Swift/Info.plist";
				LD_RUNPATH_SEARCH_PATHS = "$(inherited) @executable_path/Frameworks";
				PRODUCT_NAME = "$(TARGET_NAME)";
			};
			name = Release;
		};
/* End XCBuildConfiguration section */

/* Begin XCConfigurationList section */
		792829A819DEC0E100030222 /* Build configuration list for PBXProject "Example-Swift" */ = {
			isa = XCConfigurationList;
			buildConfigurations = (
				792829CD19DEC0E100030222 /* Debug */,
				792829CE19DEC0E100030222 /* Release */,
			);
			defaultConfigurationIsVisible = 0;
			defaultConfigurationName = Release;
		};
		792829CF19DEC0E100030222 /* Build configuration list for PBXNativeTarget "Example-Swift" */ = {
			isa = XCConfigurationList;
			buildConfigurations = (
				792829D019DEC0E100030222 /* Debug */,
				792829D119DEC0E100030222 /* Release */,
			);
			defaultConfigurationIsVisible = 0;
			defaultConfigurationName = Release;
		};
/* End XCConfigurationList section */

/* Begin XCVersionGroup section */
		792829B419DEC0E100030222 /* Example_Swift.xcdatamodeld */ = {
			isa = XCVersionGroup;
			children = (
				792829B519DEC0E100030222 /* Example_Swift.xcdatamodel */,
			);
			currentVersion = 792829B519DEC0E100030222 /* Example_Swift.xcdatamodel */;
			path = Example_Swift.xcdatamodeld;
			sourceTree = "<group>";
			versionGroupType = wrapper.xcdatamodel;
		};
/* End XCVersionGroup section */
	};
	rootObject = 792829A519DEC0E100030222 /* Project object */;
}
