// !$*UTF8*$!
{
	archiveVersion = 1;
	classes = {
	};
	objectVersion = 46;
	objects = {

/* Begin PBXBuildFile section */
		792829E419DEC0F100030222 /* main.m in Sources */ = {isa = PBXBuildFile; fileRef = 792829E319DEC0F100030222 /* main.m */; };
		792829E719DEC0F100030222 /* AppDelegate.m in Sources */ = {isa = PBXBuildFile; fileRef = 792829E619DEC0F100030222 /* AppDelegate.m */; };
		792829EA19DEC0F100030222 /* Example_ObjC.xcdatamodeld in Sources */ = {isa = PBXBuildFile; fileRef = 792829E819DEC0F100030222 /* Example_ObjC.xcdatamodeld */; };
		792829ED19DEC0F100030222 /* ViewController.m in Sources */ = {isa = PBXBuildFile; fileRef = 792829EC19DEC0F100030222 /* ViewController.m */; };
		792829F019DEC0F100030222 /* Main.storyboard in Resources */ = {isa = PBXBuildFile; fileRef = 792829EE19DEC0F100030222 /* Main.storyboard */; };
		792829F219DEC0F100030222 /* Images.xcassets in Resources */ = {isa = PBXBuildFile; fileRef = 792829F119DEC0F100030222 /* Images.xcassets */; };
		792829F519DEC0F100030222 /* LaunchScreen.xib in Resources */ = {isa = PBXBuildFile; fileRef = 792829F319DEC0F100030222 /* LaunchScreen.xib */; };
		79D45E2C19DEC3240046095F /* Radical.framework in Frameworks */ = {isa = PBXBuildFile; fileRef = 79D45E2919DEC3190046095F /* Radical.framework */; };
		79D45E2D19DEC3240046095F /* Radical.framework in Embed Frameworks */ = {isa = PBXBuildFile; fileRef = 79D45E2919DEC3190046095F /* Radical.framework */; settings = {ATTRIBUTES = (CodeSignOnCopy, RemoveHeadersOnCopy, ); }; };
/* End PBXBuildFile section */

/* Begin PBXContainerItemProxy section */
		79D45E2819DEC3190046095F /* PBXContainerItemProxy */ = {
			isa = PBXContainerItemProxy;
			containerPortal = 79D45E2319DEC3190046095F /* Radical.xcodeproj */;
			proxyType = 2;
			remoteGlobalIDString = 7928298B19DEBAFF00030222;
			remoteInfo = Radical;
		};
		79D45E2A19DEC3190046095F /* PBXContainerItemProxy */ = {
			isa = PBXContainerItemProxy;
			containerPortal = 79D45E2319DEC3190046095F /* Radical.xcodeproj */;
			proxyType = 2;
			remoteGlobalIDString = 7928299619DEBAFF00030222;
			remoteInfo = RadicalTests;
		};
		79D45E2E19DEC3240046095F /* PBXContainerItemProxy */ = {
			isa = PBXContainerItemProxy;
			containerPortal = 79D45E2319DEC3190046095F /* Radical.xcodeproj */;
			proxyType = 1;
			remoteGlobalIDString = 7928298A19DEBAFF00030222;
			remoteInfo = Radical;
		};
/* End PBXContainerItemProxy section */

/* Begin PBXCopyFilesBuildPhase section */
		79D45E3019DEC3250046095F /* Embed Frameworks */ = {
			isa = PBXCopyFilesBuildPhase;
			buildActionMask = 2147483647;
			dstPath = "";
			dstSubfolderSpec = 10;
			files = (
				79D45E2D19DEC3240046095F /* Radical.framework in Embed Frameworks */,
			);
			name = "Embed Frameworks";
			runOnlyForDeploymentPostprocessing = 0;
		};
/* End PBXCopyFilesBuildPhase section */

/* Begin PBXFileReference section */
		792829DE19DEC0F100030222 /* Example-ObjC.app */ = {isa = PBXFileReference; explicitFileType = wrapper.application; includeInIndex = 0; path = "Example-ObjC.app"; sourceTree = BUILT_PRODUCTS_DIR; };
		792829E219DEC0F100030222 /* Info.plist */ = {isa = PBXFileReference; lastKnownFileType = text.plist.xml; path = Info.plist; sourceTree = "<group>"; };
		792829E319DEC0F100030222 /* main.m */ = {isa = PBXFileReference; lastKnownFileType = sourcecode.c.objc; path = main.m; sourceTree = "<group>"; };
		792829E519DEC0F100030222 /* AppDelegate.h */ = {isa = PBXFileReference; lastKnownFileType = sourcecode.c.h; path = AppDelegate.h; sourceTree = "<group>"; };
		792829E619DEC0F100030222 /* AppDelegate.m */ = {isa = PBXFileReference; lastKnownFileType = sourcecode.c.objc; path = AppDelegate.m; sourceTree = "<group>"; };
		792829E919DEC0F100030222 /* Example_ObjC.xcdatamodel */ = {isa = PBXFileReference; lastKnownFileType = wrapper.xcdatamodel; path = Example_ObjC.xcdatamodel; sourceTree = "<group>"; };
		792829EB19DEC0F100030222 /* ViewController.h */ = {isa = PBXFileReference; lastKnownFileType = sourcecode.c.h; path = ViewController.h; sourceTree = "<group>"; };
		792829EC19DEC0F100030222 /* ViewController.m */ = {isa = PBXFileReference; lastKnownFileType = sourcecode.c.objc; path = ViewController.m; sourceTree = "<group>"; };
		792829EF19DEC0F100030222 /* Base */ = {isa = PBXFileReference; lastKnownFileType = file.storyboard; name = Base; path = Base.lproj/Main.storyboard; sourceTree = "<group>"; };
		792829F119DEC0F100030222 /* Images.xcassets */ = {isa = PBXFileReference; lastKnownFileType = folder.assetcatalog; path = Images.xcassets; sourceTree = "<group>"; };
		792829F419DEC0F100030222 /* Base */ = {isa = PBXFileReference; lastKnownFileType = file.xib; name = Base; path = Base.lproj/LaunchScreen.xib; sourceTree = "<group>"; };
		79D45E2319DEC3190046095F /* Radical.xcodeproj */ = {isa = PBXFileReference; lastKnownFileType = "wrapper.pb-project"; name = Radical.xcodeproj; path = ../../Radical.xcodeproj; sourceTree = "<group>"; };
/* End PBXFileReference section */

/* Begin PBXFrameworksBuildPhase section */
		792829DB19DEC0F100030222 /* Frameworks */ = {
			isa = PBXFrameworksBuildPhase;
			buildActionMask = 2147483647;
			files = (
				79D45E2C19DEC3240046095F /* Radical.framework in Frameworks */,
			);
			runOnlyForDeploymentPostprocessing = 0;
		};
/* End PBXFrameworksBuildPhase section */

/* Begin PBXGroup section */
		792829D519DEC0F100030222 = {
			isa = PBXGroup;
			children = (
				792829E019DEC0F100030222 /* Example-ObjC */,
				79D45E0719DEC2780046095F /* Frameworks */,
				792829DF19DEC0F100030222 /* Products */,
			);
			sourceTree = "<group>";
		};
		792829DF19DEC0F100030222 /* Products */ = {
			isa = PBXGroup;
			children = (
				792829DE19DEC0F100030222 /* Example-ObjC.app */,
			);
			name = Products;
			sourceTree = "<group>";
		};
		792829E019DEC0F100030222 /* Example-ObjC */ = {
			isa = PBXGroup;
			children = (
				792829E519DEC0F100030222 /* AppDelegate.h */,
				792829E619DEC0F100030222 /* AppDelegate.m */,
				792829EB19DEC0F100030222 /* ViewController.h */,
				792829EC19DEC0F100030222 /* ViewController.m */,
				792829EE19DEC0F100030222 /* Main.storyboard */,
				792829F119DEC0F100030222 /* Images.xcassets */,
				792829F319DEC0F100030222 /* LaunchScreen.xib */,
				792829E819DEC0F100030222 /* Example_ObjC.xcdatamodeld */,
				792829E119DEC0F100030222 /* Supporting Files */,
			);
			path = "Example-ObjC";
			sourceTree = "<group>";
		};
		792829E119DEC0F100030222 /* Supporting Files */ = {
			isa = PBXGroup;
			children = (
				792829E219DEC0F100030222 /* Info.plist */,
				792829E319DEC0F100030222 /* main.m */,
			);
			name = "Supporting Files";
			sourceTree = "<group>";
		};
		79D45E0719DEC2780046095F /* Frameworks */ = {
			isa = PBXGroup;
			children = (
				79D45E2319DEC3190046095F /* Radical.xcodeproj */,
			);
			name = Frameworks;
			sourceTree = "<group>";
		};
		79D45E2419DEC3190046095F /* Products */ = {
			isa = PBXGroup;
			children = (
				79D45E2919DEC3190046095F /* Radical.framework */,
				79D45E2B19DEC3190046095F /* RadicalTests.xctest */,
			);
			name = Products;
			sourceTree = "<group>";
		};
/* End PBXGroup section */

/* Begin PBXNativeTarget section */
		792829DD19DEC0F100030222 /* Example-ObjC */ = {
			isa = PBXNativeTarget;
			buildConfigurationList = 79282A0419DEC0F100030222 /* Build configuration list for PBXNativeTarget "Example-ObjC" */;
			buildPhases = (
				792829DA19DEC0F100030222 /* Sources */,
				792829DB19DEC0F100030222 /* Frameworks */,
				792829DC19DEC0F100030222 /* Resources */,
				79D45E3019DEC3250046095F /* Embed Frameworks */,
			);
			buildRules = (
			);
			dependencies = (
				79D45E2F19DEC3240046095F /* PBXTargetDependency */,
			);
			name = "Example-ObjC";
			productName = "Example-ObjC";
			productReference = 792829DE19DEC0F100030222 /* Example-ObjC.app */;
			productType = "com.apple.product-type.application";
		};
/* End PBXNativeTarget section */

/* Begin PBXProject section */
		792829D619DEC0F100030222 /* Project object */ = {
			isa = PBXProject;
			attributes = {
				LastUpgradeCheck = 0600;
				ORGANIZATIONNAME = "Shintaro Kaneko (http://kaneshinth.com)";
				TargetAttributes = {
					792829DD19DEC0F100030222 = {
						CreatedOnToolsVersion = 6.0.1;
					};
				};
			};
			buildConfigurationList = 792829D919DEC0F100030222 /* Build configuration list for PBXProject "Example-ObjC" */;
			compatibilityVersion = "Xcode 3.2";
			developmentRegion = English;
			hasScannedForEncodings = 0;
			knownRegions = (
				en,
				Base,
			);
			mainGroup = 792829D519DEC0F100030222;
			productRefGroup = 792829DF19DEC0F100030222 /* Products */;
			projectDirPath = "";
			projectReferences = (
				{
					ProductGroup = 79D45E2419DEC3190046095F /* Products */;
					ProjectRef = 79D45E2319DEC3190046095F /* Radical.xcodeproj */;
				},
			);
			projectRoot = "";
			targets = (
				792829DD19DEC0F100030222 /* Example-ObjC */,
			);
		};
/* End PBXProject section */

/* Begin PBXReferenceProxy section */
		79D45E2919DEC3190046095F /* Radical.framework */ = {
			isa = PBXReferenceProxy;
			fileType = wrapper.framework;
			path = Radical.framework;
			remoteRef = 79D45E2819DEC3190046095F /* PBXContainerItemProxy */;
			sourceTree = BUILT_PRODUCTS_DIR;
		};
		79D45E2B19DEC3190046095F /* RadicalTests.xctest */ = {
			isa = PBXReferenceProxy;
			fileType = wrapper.cfbundle;
			path = RadicalTests.xctest;
			remoteRef = 79D45E2A19DEC3190046095F /* PBXContainerItemProxy */;
			sourceTree = BUILT_PRODUCTS_DIR;
		};
/* End PBXReferenceProxy section */

/* Begin PBXResourcesBuildPhase section */
		792829DC19DEC0F100030222 /* Resources */ = {
			isa = PBXResourcesBuildPhase;
			buildActionMask = 2147483647;
			files = (
				792829F019DEC0F100030222 /* Main.storyboard in Resources */,
				792829F519DEC0F100030222 /* LaunchScreen.xib in Resources */,
				792829F219DEC0F100030222 /* Images.xcassets in Resources */,
			);
			runOnlyForDeploymentPostprocessing = 0;
		};
/* End PBXResourcesBuildPhase section */

/* Begin PBXSourcesBuildPhase section */
		792829DA19DEC0F100030222 /* Sources */ = {
			isa = PBXSourcesBuildPhase;
			buildActionMask = 2147483647;
			files = (
				792829E719DEC0F100030222 /* AppDelegate.m in Sources */,
				792829EA19DEC0F100030222 /* Example_ObjC.xcdatamodeld in Sources */,
				792829ED19DEC0F100030222 /* ViewController.m in Sources */,
				792829E419DEC0F100030222 /* main.m in Sources */,
			);
			runOnlyForDeploymentPostprocessing = 0;
		};
/* End PBXSourcesBuildPhase section */

/* Begin PBXTargetDependency section */
		79D45E2F19DEC3240046095F /* PBXTargetDependency */ = {
			isa = PBXTargetDependency;
			name = Radical;
			targetProxy = 79D45E2E19DEC3240046095F /* PBXContainerItemProxy */;
		};
/* End PBXTargetDependency section */

/* Begin PBXVariantGroup section */
		792829EE19DEC0F100030222 /* Main.storyboard */ = {
			isa = PBXVariantGroup;
			children = (
				792829EF19DEC0F100030222 /* Base */,
			);
			name = Main.storyboard;
			sourceTree = "<group>";
		};
		792829F319DEC0F100030222 /* LaunchScreen.xib */ = {
			isa = PBXVariantGroup;
			children = (
				792829F419DEC0F100030222 /* Base */,
			);
			name = LaunchScreen.xib;
			sourceTree = "<group>";
		};
/* End PBXVariantGroup section */

/* Begin XCBuildConfiguration section */
		79282A0219DEC0F100030222 /* Debug */ = {
			isa = XCBuildConfiguration;
			buildSettings = {
				ALWAYS_SEARCH_USER_PATHS = NO;
				CLANG_CXX_LANGUAGE_STANDARD = "gnu++0x";
				CLANG_CXX_LIBRARY = "libc++";
				CLANG_ENABLE_MODULES = YES;
				CLANG_ENABLE_OBJC_ARC = YES;
				CLANG_WARN_BOOL_CONVERSION = YES;
				CLANG_WARN_CONSTANT_CONVERSION = YES;
				CLANG_WARN_DIRECT_OBJC_ISA_USAGE = YES_ERROR;
				CLANG_WARN_EMPTY_BODY = YES;
				CLANG_WARN_ENUM_CONVERSION = YES;
				CLANG_WARN_INT_CONVERSION = YES;
				CLANG_WARN_OBJC_ROOT_CLASS = YES_ERROR;
				CLANG_WARN_UNREACHABLE_CODE = YES;
				CLANG_WARN__DUPLICATE_METHOD_MATCH = YES;
				"CODE_SIGN_IDENTITY[sdk=iphoneos*]" = "iPhone Developer";
				COPY_PHASE_STRIP = NO;
				ENABLE_STRICT_OBJC_MSGSEND = YES;
				GCC_C_LANGUAGE_STANDARD = gnu99;
				GCC_DYNAMIC_NO_PIC = NO;
				GCC_OPTIMIZATION_LEVEL = 0;
				GCC_PREPROCESSOR_DEFINITIONS = (
					"DEBUG=1",
					"$(inherited)",
				);
				GCC_SYMBOLS_PRIVATE_EXTERN = NO;
				GCC_WARN_64_TO_32_BIT_CONVERSION = YES;
				GCC_WARN_ABOUT_RETURN_TYPE = YES_ERROR;
				GCC_WARN_UNDECLARED_SELECTOR = YES;
				GCC_WARN_UNINITIALIZED_AUTOS = YES_AGGRESSIVE;
				GCC_WARN_UNUSED_FUNCTION = YES;
				GCC_WARN_UNUSED_VARIABLE = YES;
				IPHONEOS_DEPLOYMENT_TARGET = 8.0;
				MTL_ENABLE_DEBUG_INFO = YES;
				ONLY_ACTIVE_ARCH = YES;
				SDKROOT = iphoneos;
			};
			name = Debug;
		};
		79282A0319DEC0F100030222 /* Release */ = {
			isa = XCBuildConfiguration;
			buildSettings = {
				ALWAYS_SEARCH_USER_PATHS = NO;
				CLANG_CXX_LANGUAGE_STANDARD = "gnu++0x";
				CLANG_CXX_LIBRARY = "libc++";
				CLANG_ENABLE_MODULES = YES;
				CLANG_ENABLE_OBJC_ARC = YES;
				CLANG_WARN_BOOL_CONVERSION = YES;
				CLANG_WARN_CONSTANT_CONVERSION = YES;
				CLANG_WARN_DIRECT_OBJC_ISA_USAGE = YES_ERROR;
				CLANG_WARN_EMPTY_BODY = YES;
				CLANG_WARN_ENUM_CONVERSION = YES;
				CLANG_WARN_INT_CONVERSION = YES;
				CLANG_WARN_OBJC_ROOT_CLASS = YES_ERROR;
				CLANG_WARN_UNREACHABLE_CODE = YES;
				CLANG_WARN__DUPLICATE_METHOD_MATCH = YES;
				"CODE_SIGN_IDENTITY[sdk=iphoneos*]" = "iPhone Developer";
				COPY_PHASE_STRIP = YES;
				ENABLE_NS_ASSERTIONS = NO;
				ENABLE_STRICT_OBJC_MSGSEND = YES;
				GCC_C_LANGUAGE_STANDARD = gnu99;
				GCC_WARN_64_TO_32_BIT_CONVERSION = YES;
				GCC_WARN_ABOUT_RETURN_TYPE = YES_ERROR;
				GCC_WARN_UNDECLARED_SELECTOR = YES;
				GCC_WARN_UNINITIALIZED_AUTOS = YES_AGGRESSIVE;
				GCC_WARN_UNUSED_FUNCTION = YES;
				GCC_WARN_UNUSED_VARIABLE = YES;
				IPHONEOS_DEPLOYMENT_TARGET = 8.0;
				MTL_ENABLE_DEBUG_INFO = NO;
				SDKROOT = iphoneos;
				VALIDATE_PRODUCT = YES;
			};
			name = Release;
		};
		79282A0519DEC0F100030222 /* Debug */ = {
			isa = XCBuildConfiguration;
			buildSettings = {
				ASSETCATALOG_COMPILER_APPICON_NAME = AppIcon;
				EMBEDDED_CONTENT_CONTAINS_SWIFT = YES;
				INFOPLIST_FILE = "Example-ObjC/Info.plist";
				LD_RUNPATH_SEARCH_PATHS = "$(inherited) @executable_path/Frameworks";
				PRODUCT_NAME = "$(TARGET_NAME)";
			};
			name = Debug;
		};
		79282A0619DEC0F100030222 /* Release */ = {
			isa = XCBuildConfiguration;
			buildSettings = {
				ASSETCATALOG_COMPILER_APPICON_NAME = AppIcon;
				EMBEDDED_CONTENT_CONTAINS_SWIFT = YES;
				INFOPLIST_FILE = "Example-ObjC/Info.plist";
				LD_RUNPATH_SEARCH_PATHS = "$(inherited) @executable_path/Frameworks";
				PRODUCT_NAME = "$(TARGET_NAME)";
			};
			name = Release;
		};
/* End XCBuildConfiguration section */

/* Begin XCConfigurationList section */
		792829D919DEC0F100030222 /* Build configuration list for PBXProject "Example-ObjC" */ = {
			isa = XCConfigurationList;
			buildConfigurations = (
				79282A0219DEC0F100030222 /* Debug */,
				79282A0319DEC0F100030222 /* Release */,
			);
			defaultConfigurationIsVisible = 0;
			defaultConfigurationName = Release;
		};
		79282A0419DEC0F100030222 /* Build configuration list for PBXNativeTarget "Example-ObjC" */ = {
			isa = XCConfigurationList;
			buildConfigurations = (
				79282A0519DEC0F100030222 /* Debug */,
				79282A0619DEC0F100030222 /* Release */,
			);
			defaultConfigurationIsVisible = 0;
			defaultConfigurationName = Release;
		};
/* End XCConfigurationList section */

/* Begin XCVersionGroup section */
		792829E819DEC0F100030222 /* Example_ObjC.xcdatamodeld */ = {
			isa = XCVersionGroup;
			children = (
				792829E919DEC0F100030222 /* Example_ObjC.xcdatamodel */,
			);
			currentVersion = 792829E919DEC0F100030222 /* Example_ObjC.xcdatamodel */;
			path = Example_ObjC.xcdatamodeld;
			sourceTree = "<group>";
			versionGroupType = wrapper.xcdatamodel;
		};
/* End XCVersionGroup section */
	};
	rootObject = 792829D619DEC0F100030222 /* Project object */;
}
